
Microsoft Visual Studio Solution File, Format Version 12.00
# Visual Studio 15
VisualStudioVersion = 15.0.28307.902
MinimumVisualStudioVersion = 10.0.40219.1
Project("{8BC9CEB8-8B4A-11D0-8D11-00A0C91BC942}") = "TEST1", "TEST1\TEST1.vcxproj", "{CF2B26C5-C4FE-4F87-81C2-B3DC4D34CBB9}"
EndProject
Global
	GlobalSection(SolutionConfigurationPlatforms) = preSolution
		Debug|ARM = Debug|ARM
		Debug|ARM64 = Debug|ARM64
		Debug|x64 = Debug|x64
		Debug|x86 = Debug|x86
		Release|ARM = Release|ARM
		Release|ARM64 = Release|ARM64
		Release|x64 = Release|x64
		Release|x86 = Release|x86
	EndGlobalSection
	GlobalSection(ProjectConfigurationPlatforms) = postSolution
		{CF2B26C5-C4FE-4F87-81C2-B3DC4D34CBB9}.Debug|ARM.ActiveCfg = Debug|ARM
		{CF2B26C5-C4FE-4F87-81C2-B3DC4D34CBB9}.Debug|ARM.Build.0 = Debug|ARM
		{CF2B26C5-C4FE-4F87-81C2-B3DC4D34CBB9}.Debug|ARM64.ActiveCfg = Debug|ARM64
		{CF2B26C5-C4FE-4F87-81C2-B3DC4D34CBB9}.Debug|ARM64.Build.0 = Debug|ARM64
		{CF2B26C5-C4FE-4F87-81C2-B3DC4D34CBB9}.Debug|x64.ActiveCfg = Debug|x64
		{CF2B26C5-C4FE-4F87-81C2-B3DC4D34CBB9}.Debug|x64.Build.0 = Debug|x64
		{CF2B26C5-C4FE-4F87-81C2-B3DC4D34CBB9}.Debug|x86.ActiveCfg = Debug|x86
		{CF2B26C5-C4FE-4F87-81C2-B3DC4D34CBB9}.Debug|x86.Build.0 = Debug|x86
		{CF2B26C5-C4FE-4F87-81C2-B3DC4D34CBB9}.Release|ARM.ActiveCfg = Release|ARM
		{CF2B26C5-C4FE-4F87-81C2-B3DC4D34CBB9}.Release|ARM.Build.0 = Release|ARM
		{CF2B26C5-C4FE-4F87-81C2-B3DC4D34CBB9}.Release|ARM64.ActiveCfg = Release|ARM64
		{CF2B26C5-C4FE-4F87-81C2-B3DC4D34CBB9}.Release|ARM64.Build.0 = Release|ARM64
		{CF2B26C5-C4FE-4F87-81C2-B3DC4D34CBB9}.Release|x64.ActiveCfg = Release|x64
		{CF2B26C5-C4FE-4F87-81C2-B3DC4D34CBB9}.Release|x64.Build.0 = Release|x64
		{CF2B26C5-C4FE-4F87-81C2-B3DC4D34CBB9}.Release|x86.ActiveCfg = Release|x86
		{CF2B26C5-C4FE-4F87-81C2-B3DC4D34CBB9}.Release|x86.Build.0 = Release|x86
	EndGlobalSection
	GlobalSection(SolutionProperties) = preSolution
		HideSolutionNode = FALSE
	EndGlobalSection
	GlobalSection(ExtensibilityGlobals) = postSolution
		SolutionGuid = {7CE7A40B-A15A-4683-A73C-AAE313DBE466}
	EndGlobalSection
EndGlobal
