
Microsoft Visual Studio Solution File, Format Version 12.00
# Visual Studio Version 16
VisualStudioVersion = 16.0.29411.108
MinimumVisualStudioVersion = 10.0.40219.1
Project("{8BC9CEB8-8B4A-11D0-8D11-00A0C91BC942}") = "test", "test\test.vcxproj", "{1F0CCAE0-6DC7-43C2-A9D6-EC72DF613266}"
EndProject
Project("{8BC9CEB8-8B4A-11D0-8D11-00A0C91BC942}") = "dynamic_library", "dynamic_library\dynamic_library.vcxproj", "{E39FE1AB-76DF-4640-AD50-5BA279C8574E}"
EndProject
Project("{8BC9CEB8-8B4A-11D0-8D11-00A0C91BC942}") = "static_library", "static_library\static_library.vcxproj", "{0640DDD4-96C9-462F-8843-ED72D48F5048}"
EndProject
Global
	GlobalSection(SolutionConfigurationPlatforms) = preSolution
		Debug|ARM = Debug|ARM
		Debug|ARM64 = Debug|ARM64
		Debug|x64 = Debug|x64
		Debug|x86 = Debug|x86
		Release|ARM = Release|ARM
		Release|ARM64 = Release|ARM64
		Release|x64 = Release|x64
		Release|x86 = Release|x86
	EndGlobalSection
	GlobalSection(ProjectConfigurationPlatforms) = postSolution
		{1F0CCAE0-6DC7-43C2-A9D6-EC72DF613266}.Debug|ARM.ActiveCfg = Debug|ARM
		{1F0CCAE0-6DC7-43C2-A9D6-EC72DF613266}.Debug|ARM.Build.0 = Debug|ARM
		{1F0CCAE0-6DC7-43C2-A9D6-EC72DF613266}.Debug|ARM.Deploy.0 = Debug|ARM
		{1F0CCAE0-6DC7-43C2-A9D6-EC72DF613266}.Debug|ARM64.ActiveCfg = Debug|ARM64
		{1F0CCAE0-6DC7-43C2-A9D6-EC72DF613266}.Debug|ARM64.Build.0 = Debug|ARM64
		{1F0CCAE0-6DC7-43C2-A9D6-EC72DF613266}.Debug|ARM64.Deploy.0 = Debug|ARM64
		{1F0CCAE0-6DC7-43C2-A9D6-EC72DF613266}.Debug|x64.ActiveCfg = Debug|x64
		{1F0CCAE0-6DC7-43C2-A9D6-EC72DF613266}.Debug|x64.Build.0 = Debug|x64
		{1F0CCAE0-6DC7-43C2-A9D6-EC72DF613266}.Debug|x64.Deploy.0 = Debug|x64
		{1F0CCAE0-6DC7-43C2-A9D6-EC72DF613266}.Debug|x86.ActiveCfg = Debug|x86
		{1F0CCAE0-6DC7-43C2-A9D6-EC72DF613266}.Debug|x86.Build.0 = Debug|x86
		{1F0CCAE0-6DC7-43C2-A9D6-EC72DF613266}.Debug|x86.Deploy.0 = Debug|x86
		{1F0CCAE0-6DC7-43C2-A9D6-EC72DF613266}.Release|ARM.ActiveCfg = Release|ARM
		{1F0CCAE0-6DC7-43C2-A9D6-EC72DF613266}.Release|ARM.Build.0 = Release|ARM
		{1F0CCAE0-6DC7-43C2-A9D6-EC72DF613266}.Release|ARM.Deploy.0 = Release|ARM
		{1F0CCAE0-6DC7-43C2-A9D6-EC72DF613266}.Release|ARM64.ActiveCfg = Release|ARM64
		{1F0CCAE0-6DC7-43C2-A9D6-EC72DF613266}.Release|ARM64.Build.0 = Release|ARM64
		{1F0CCAE0-6DC7-43C2-A9D6-EC72DF613266}.Release|ARM64.Deploy.0 = Release|ARM64
		{1F0CCAE0-6DC7-43C2-A9D6-EC72DF613266}.Release|x64.ActiveCfg = Release|x64
		{1F0CCAE0-6DC7-43C2-A9D6-EC72DF613266}.Release|x64.Build.0 = Release|x64
		{1F0CCAE0-6DC7-43C2-A9D6-EC72DF613266}.Release|x64.Deploy.0 = Release|x64
		{1F0CCAE0-6DC7-43C2-A9D6-EC72DF613266}.Release|x86.ActiveCfg = Release|x86
		{1F0CCAE0-6DC7-43C2-A9D6-EC72DF613266}.Release|x86.Build.0 = Release|x86
		{1F0CCAE0-6DC7-43C2-A9D6-EC72DF613266}.Release|x86.Deploy.0 = Release|x86
		{E39FE1AB-76DF-4640-AD50-5BA279C8574E}.Debug|ARM.ActiveCfg = Debug|ARM
		{E39FE1AB-76DF-4640-AD50-5BA279C8574E}.Debug|ARM.Build.0 = Debug|ARM
		{E39FE1AB-76DF-4640-AD50-5BA279C8574E}.Debug|ARM.Deploy.0 = Debug|ARM
		{E39FE1AB-76DF-4640-AD50-5BA279C8574E}.Debug|ARM64.ActiveCfg = Debug|ARM64
		{E39FE1AB-76DF-4640-AD50-5BA279C8574E}.Debug|ARM64.Build.0 = Debug|ARM64
		{E39FE1AB-76DF-4640-AD50-5BA279C8574E}.Debug|ARM64.Deploy.0 = Debug|ARM64
		{E39FE1AB-76DF-4640-AD50-5BA279C8574E}.Debug|x64.ActiveCfg = Debug|x64
		{E39FE1AB-76DF-4640-AD50-5BA279C8574E}.Debug|x64.Build.0 = Debug|x64
		{E39FE1AB-76DF-4640-AD50-5BA279C8574E}.Debug|x64.Deploy.0 = Debug|x64
		{E39FE1AB-76DF-4640-AD50-5BA279C8574E}.Debug|x86.ActiveCfg = Debug|x86
		{E39FE1AB-76DF-4640-AD50-5BA279C8574E}.Debug|x86.Build.0 = Debug|x86
		{E39FE1AB-76DF-4640-AD50-5BA279C8574E}.Debug|x86.Deploy.0 = Debug|x86
		{E39FE1AB-76DF-4640-AD50-5BA279C8574E}.Release|ARM.ActiveCfg = Release|ARM
		{E39FE1AB-76DF-4640-AD50-5BA279C8574E}.Release|ARM.Build.0 = Release|ARM
		{E39FE1AB-76DF-4640-AD50-5BA279C8574E}.Release|ARM.Deploy.0 = Release|ARM
		{E39FE1AB-76DF-4640-AD50-5BA279C8574E}.Release|ARM64.ActiveCfg = Release|ARM64
		{E39FE1AB-76DF-4640-AD50-5BA279C8574E}.Release|ARM64.Build.0 = Release|ARM64
		{E39FE1AB-76DF-4640-AD50-5BA279C8574E}.Release|ARM64.Deploy.0 = Release|ARM64
		{E39FE1AB-76DF-4640-AD50-5BA279C8574E}.Release|x64.ActiveCfg = Release|x64
		{E39FE1AB-76DF-4640-AD50-5BA279C8574E}.Release|x64.Build.0 = Release|x64
		{E39FE1AB-76DF-4640-AD50-5BA279C8574E}.Release|x64.Deploy.0 = Release|x64
		{E39FE1AB-76DF-4640-AD50-5BA279C8574E}.Release|x86.ActiveCfg = Release|x86
		{E39FE1AB-76DF-4640-AD50-5BA279C8574E}.Release|x86.Build.0 = Release|x86
		{E39FE1AB-76DF-4640-AD50-5BA279C8574E}.Release|x86.Deploy.0 = Release|x86
		{0640DDD4-96C9-462F-8843-ED72D48F5048}.Debug|ARM.ActiveCfg = Debug|ARM
		{0640DDD4-96C9-462F-8843-ED72D48F5048}.Debug|ARM.Build.0 = Debug|ARM
		{0640DDD4-96C9-462F-8843-ED72D48F5048}.Debug|ARM.Deploy.0 = Debug|ARM
		{0640DDD4-96C9-462F-8843-ED72D48F5048}.Debug|ARM64.ActiveCfg = Debug|ARM64
		{0640DDD4-96C9-462F-8843-ED72D48F5048}.Debug|ARM64.Build.0 = Debug|ARM64
		{0640DDD4-96C9-462F-8843-ED72D48F5048}.Debug|ARM64.Deploy.0 = Debug|ARM64
		{0640DDD4-96C9-462F-8843-ED72D48F5048}.Debug|x64.ActiveCfg = Debug|x64
		{0640DDD4-96C9-462F-8843-ED72D48F5048}.Debug|x64.Build.0 = Debug|x64
		{0640DDD4-96C9-462F-8843-ED72D48F5048}.Debug|x64.Deploy.0 = Debug|x64
		{0640DDD4-96C9-462F-8843-ED72D48F5048}.Debug|x86.ActiveCfg = Debug|x86
		{0640DDD4-96C9-462F-8843-ED72D48F5048}.Debug|x86.Build.0 = Debug|x86
		{0640DDD4-96C9-462F-8843-ED72D48F5048}.Debug|x86.Deploy.0 = Debug|x86
		{0640DDD4-96C9-462F-8843-ED72D48F5048}.Release|ARM.ActiveCfg = Release|ARM
		{0640DDD4-96C9-462F-8843-ED72D48F5048}.Release|ARM.Build.0 = Release|ARM
		{0640DDD4-96C9-462F-8843-ED72D48F5048}.Release|ARM.Deploy.0 = Release|ARM
		{0640DDD4-96C9-462F-8843-ED72D48F5048}.Release|ARM64.ActiveCfg = Release|ARM64
		{0640DDD4-96C9-462F-8843-ED72D48F5048}.Release|ARM64.Build.0 = Release|ARM64
		{0640DDD4-96C9-462F-8843-ED72D48F5048}.Release|ARM64.Deploy.0 = Release|ARM64
		{0640DDD4-96C9-462F-8843-ED72D48F5048}.Release|x64.ActiveCfg = Release|x64
		{0640DDD4-96C9-462F-8843-ED72D48F5048}.Release|x64.Build.0 = Release|x64
		{0640DDD4-96C9-462F-8843-ED72D48F5048}.Release|x64.Deploy.0 = Release|x64
		{0640DDD4-96C9-462F-8843-ED72D48F5048}.Release|x86.ActiveCfg = Release|x86
		{0640DDD4-96C9-462F-8843-ED72D48F5048}.Release|x86.Build.0 = Release|x86
		{0640DDD4-96C9-462F-8843-ED72D48F5048}.Release|x86.Deploy.0 = Release|x86
	EndGlobalSection
	GlobalSection(SolutionProperties) = preSolution
		HideSolutionNode = FALSE
	EndGlobalSection
	GlobalSection(ExtensibilityGlobals) = postSolution
		SolutionGuid = {7075C587-1074-44B5-AE61-9DDA8AC30BC3}
	EndGlobalSection
EndGlobal
