
Microsoft Visual Studio Solution File, Format Version 12.00
# Visual Studio 15
VisualStudioVersion = 15.0.28307.902
MinimumVisualStudioVersion = 10.0.40219.1
Project("{8BC9CEB8-8B4A-11D0-8D11-00A0C91BC942}") = "test", "test\test.vcxproj", "{E36A4AB2-D16E-4F3D-B164-2CE055B347FA}"
EndProject
Global
	GlobalSection(SolutionConfigurationPlatforms) = preSolution
		Debug|ARM = Debug|ARM
		Debug|ARM64 = Debug|ARM64
		Debug|x64 = Debug|x64
		Debug|x86 = Debug|x86
		Release|ARM = Release|ARM
		Release|ARM64 = Release|ARM64
		Release|x64 = Release|x64
		Release|x86 = Release|x86
	EndGlobalSection
	GlobalSection(ProjectConfigurationPlatforms) = postSolution
		{E36A4AB2-D16E-4F3D-B164-2CE055B347FA}.Debug|ARM.ActiveCfg = Debug|ARM
		{E36A4AB2-D16E-4F3D-B164-2CE055B347FA}.Debug|ARM.Build.0 = Debug|ARM
		{E36A4AB2-D16E-4F3D-B164-2CE055B347FA}.Debug|ARM64.ActiveCfg = Debug|ARM64
		{E36A4AB2-D16E-4F3D-B164-2CE055B347FA}.Debug|ARM64.Build.0 = Debug|ARM64
		{E36A4AB2-D16E-4F3D-B164-2CE055B347FA}.Debug|x64.ActiveCfg = Debug|x64
		{E36A4AB2-D16E-4F3D-B164-2CE055B347FA}.Debug|x64.Build.0 = Debug|x64
		{E36A4AB2-D16E-4F3D-B164-2CE055B347FA}.Debug|x86.ActiveCfg = Debug|x86
		{E36A4AB2-D16E-4F3D-B164-2CE055B347FA}.Debug|x86.Build.0 = Debug|x86
		{E36A4AB2-D16E-4F3D-B164-2CE055B347FA}.Release|ARM.ActiveCfg = Release|ARM
		{E36A4AB2-D16E-4F3D-B164-2CE055B347FA}.Release|ARM.Build.0 = Release|ARM
		{E36A4AB2-D16E-4F3D-B164-2CE055B347FA}.Release|ARM64.ActiveCfg = Release|ARM64
		{E36A4AB2-D16E-4F3D-B164-2CE055B347FA}.Release|ARM64.Build.0 = Release|ARM64
		{E36A4AB2-D16E-4F3D-B164-2CE055B347FA}.Release|x64.ActiveCfg = Release|x64
		{E36A4AB2-D16E-4F3D-B164-2CE055B347FA}.Release|x64.Build.0 = Release|x64
		{E36A4AB2-D16E-4F3D-B164-2CE055B347FA}.Release|x86.ActiveCfg = Release|x86
		{E36A4AB2-D16E-4F3D-B164-2CE055B347FA}.Release|x86.Build.0 = Release|x86
	EndGlobalSection
	GlobalSection(SolutionProperties) = preSolution
		HideSolutionNode = FALSE
	EndGlobalSection
	GlobalSection(ExtensibilityGlobals) = postSolution
		SolutionGuid = {639133E8-CA1A-4B72-9D2C-25D9A6A7348F}
	EndGlobalSection
EndGlobal
